
Microsoft Visual Studio Solution File, Format Version 11.00
# Visual Studio 2010
Project("{8BC9CEB8-8B4A-11D0-8D11-00A0C91BC942}") = "BFCData", "BFCData.vcxproj", "{4163DD7A-323B-4E2C-9CCC-CCC7D5BF18CD}"
EndProject
Global
	GlobalSection(SolutionConfigurationPlatforms) = preSolution
		Debug|Win32 = Debug|Win32
		Release|Win32 = Release|Win32
	EndGlobalSection
	GlobalSection(ProjectConfigurationPlatforms) = postSolution
		{4163DD7A-323B-4E2C-9CCC-CCC7D5BF18CD}.Debug|Win32.ActiveCfg = Debug|Win32
		{4163DD7A-323B-4E2C-9CCC-CCC7D5BF18CD}.Debug|Win32.Build.0 = Debug|Win32
		{4163DD7A-323B-4E2C-9CCC-CCC7D5BF18CD}.Release|Win32.ActiveCfg = Release|Win32
		{4163DD7A-323B-4E2C-9CCC-CCC7D5BF18CD}.Release|Win32.Build.0 = Release|Win32
	EndGlobalSection
	GlobalSection(SolutionProperties) = preSolution
		HideSolutionNode = FALSE
	EndGlobalSection
EndGlobal
